
Microsoft Visual Studio Solution File, Format Version 12.00
# Visual Studio Version 16
VisualStudioVersion = 16.0.31729.503
MinimumVisualStudioVersion = 10.0.40219.1
Project("{FAE04EC0-301F-11D3-BF4B-00C04F79EFBC}") = "DivideByZeroWithoutException", "DivideByZeroWithoutException\DivideByZeroWithoutException.csproj", "{52731699-8394-4A82-82B9-500D31D2E764}"
EndProject
Global
	GlobalSection(SolutionConfigurationPlatforms) = preSolution
		Debug|Any CPU = Debug|Any CPU
		Release|Any CPU = Release|Any CPU
	EndGlobalSection
	GlobalSection(ProjectConfigurationPlatforms) = postSolution
		{52731699-8394-4A82-82B9-500D31D2E764}.Debug|Any CPU.ActiveCfg = Debug|Any CPU
		{52731699-8394-4A82-82B9-500D31D2E764}.Debug|Any CPU.Build.0 = Debug|Any CPU
		{52731699-8394-4A82-82B9-500D31D2E764}.Release|Any CPU.ActiveCfg = Release|Any CPU
		{52731699-8394-4A82-82B9-500D31D2E764}.Release|Any CPU.Build.0 = Release|Any CPU
	EndGlobalSection
	GlobalSection(SolutionProperties) = preSolution
		HideSolutionNode = FALSE
	EndGlobalSection
	GlobalSection(ExtensibilityGlobals) = postSolution
		SolutionGuid = {06F73646-6E34-4FEF-AAE7-BF66FAB9D4C3}
	EndGlobalSection
EndGlobal
